// !$*UTF8*$!
{
	archiveVersion = 1;
	classes = {
	};
	objectVersion = 56;
	objects = {

/* Begin PBXBuildFile section */
		057AF194E418CBC6A609E857 /* MediaStorageService.swift in Sources */ = {isa = PBXBuildFile; fileRef = 4C3CAB4D9569509E4445624C /* MediaStorageService.swift */; };
		14FF5D5227ED405755C43183 /* ActionIcon.png in Resources */ = {isa = PBXBuildFile; fileRef = 15627FBFFEB1AFE5A161B98D /* ActionIcon.png */; };
		2400A106E61C6BD7F823EE8D /* ServiceContainer.swift in Sources */ = {isa = PBXBuildFile; fileRef = E937F459F270D304710898D8 /* ServiceContainer.swift */; };
		3A8B6CC2165AB2A2EDC1A366 /* UIImageWrapper.swift in Sources */ = {isa = PBXBuildFile; fileRef = A2AFE04A7E04C198BC4420E5 /* UIImageWrapper.swift */; };
		3D9B1A001234567890123456 /* SnapzifyApp.swift in Sources */ = {isa = PBXBuildFile; fileRef = 3D9B1A011234567890123456 /* SnapzifyApp.swift */; };
		3D9B1A021234567890123456 /* Theme.swift in Sources */ = {isa = PBXBuildFile; fileRef = 3D9B1A031234567890123456 /* Theme.swift */; };
		3D9B1A041234567890123456 /* DataModels.swift in Sources */ = {isa = PBXBuildFile; fileRef = 3D9B1A051234567890123456 /* DataModels.swift */; };
		3D9B1A061234567890123456 /* ServiceProtocols.swift in Sources */ = {isa = PBXBuildFile; fileRef = 3D9B1A071234567890123456 /* ServiceProtocols.swift */; };
		3D9B1A081234567890123456 /* OCRServiceImpl.swift in Sources */ = {isa = PBXBuildFile; fileRef = 3D9B1A091234567890123456 /* OCRServiceImpl.swift */; };
		3D9B1A0A1234567890123456 /* ScriptConversionServiceImpl.swift in Sources */ = {isa = PBXBuildFile; fileRef = 3D9B1A0B1234567890123456 /* ScriptConversionServiceImpl.swift */; };
		3D9B1A0C1234567890123456 /* SentenceSegmentationServiceImpl.swift in Sources */ = {isa = PBXBuildFile; fileRef = 3D9B1A0D1234567890123456 /* SentenceSegmentationServiceImpl.swift */; };
		3D9B1A0E1234567890123456 /* PinyinServiceImpl.swift in Sources */ = {isa = PBXBuildFile; fileRef = 3D9B1A0F1234567890123456 /* PinyinServiceImpl.swift */; };
		3D9B1A101234567890123456 /* TranslationServiceOpenAI.swift in Sources */ = {isa = PBXBuildFile; fileRef = 3D9B1A111234567890123456 /* TranslationServiceOpenAI.swift */; };
		3D9B1A121234567890123456 /* TTSServiceOpenAI.swift in Sources */ = {isa = PBXBuildFile; fileRef = 3D9B1A131234567890123456 /* TTSServiceOpenAI.swift */; };
		3D9B1A141234567890123456 /* ConfigServiceImpl.swift in Sources */ = {isa = PBXBuildFile; fileRef = 3D9B1A151234567890123456 /* ConfigServiceImpl.swift */; };
		3D9B1A161234567890123456 /* PlecoLinkServiceImpl.swift in Sources */ = {isa = PBXBuildFile; fileRef = 3D9B1A171234567890123456 /* PlecoLinkServiceImpl.swift */; };
		3D9B1A181234567890123456 /* HomeView.swift in Sources */ = {isa = PBXBuildFile; fileRef = 3D9B1A191234567890123456 /* HomeView.swift */; };
		3D9B1A1A1234567890123456 /* DocumentView.swift in Sources */ = {isa = PBXBuildFile; fileRef = 3D9B1A1B1234567890123456 /* DocumentView.swift */; };
		3D9B1A1C1234567890123456 /* SentenceRowView.swift in Sources */ = {isa = PBXBuildFile; fileRef = 3D9B1A1D1234567890123456 /* SentenceRowView.swift */; };
		3D9B1A1E1234567890123456 /* SettingsView.swift in Sources */ = {isa = PBXBuildFile; fileRef = 3D9B1A1F1234567890123456 /* SettingsView.swift */; };
		3D9B1A1F1234567890123458 /* QueueProcessingView.swift in Sources */ = {isa = PBXBuildFile; fileRef = 3D9B1A1F1234567890123457 /* QueueProcessingView.swift */; };
		3D9B1A1F1234567890123459 /* QueueDocumentView.swift in Sources */ = {isa = PBXBuildFile; fileRef = 3D9B1A1F1234567890123460 /* QueueDocumentView.swift */; };
		3D9B1A1F1234567890123462 /* DocumentInteractionView.swift in Sources */ = {isa = PBXBuildFile; fileRef = 3D9B1A1F1234567890123461 /* DocumentInteractionView.swift */; };
		3D9B1A1F1234567890123464 /* QueueRecentScreenshotIntent.swift in Sources */ = {isa = PBXBuildFile; fileRef = 3D9B1A1F1234567890123463 /* QueueRecentScreenshotIntent.swift */; };
		3D9B1A1F1234567890123466 /* QueueItem.swift in Sources */ = {isa = PBXBuildFile; fileRef = 3D9B1A1F1234567890123465 /* QueueItem.swift */; };
		3D9B1A201234567890123456 /* HomeViewModel.swift in Sources */ = {isa = PBXBuildFile; fileRef = 3D9B1A211234567890123456 /* HomeViewModel.swift */; };
		3D9B1A211234567890123458 /* PinyinServiceOpenAI.swift in Sources */ = {isa = PBXBuildFile; fileRef = 3D9B1A201234567890123457 /* PinyinServiceOpenAI.swift */; };
		3D9B1A221234567890123456 /* DocumentViewModel.swift in Sources */ = {isa = PBXBuildFile; fileRef = 3D9B1A231234567890123456 /* DocumentViewModel.swift */; };
		3D9B1A241234567890123456 /* SentenceViewModel.swift in Sources */ = {isa = PBXBuildFile; fileRef = 3D9B1A251234567890123456 /* SentenceViewModel.swift */; };
		3D9B1A261234567890123456 /* SettingsViewModel.swift in Sources */ = {isa = PBXBuildFile; fileRef = 3D9B1A271234567890123456 /* SettingsViewModel.swift */; };
		3D9B1A281234567890123456 /* SnapzifyConfig.json in Resources */ = {isa = PBXBuildFile; fileRef = 3D9B1A291234567890123456 /* SnapzifyConfig.json */; };
		3D9B1A2A1234567890123456 /* Assets.xcassets in Resources */ = {isa = PBXBuildFile; fileRef = 3D9B1A2B1234567890123456 /* Assets.xcassets */; };
		3D9B1A311234567890123461 /* ChineseProcessingService.swift in Sources */ = {isa = PBXBuildFile; fileRef = 3D9B1A301234567890123460 /* ChineseProcessingService.swift */; };
		3D9B1A331234567890123463 /* StreamingChineseProcessingService.swift in Sources */ = {isa = PBXBuildFile; fileRef = 3D9B1A321234567890123462 /* StreamingChineseProcessingService.swift */; };
		3D9B1A341234567890123464 /* ShimmerView.swift in Sources */ = {isa = PBXBuildFile; fileRef = 3D9B1A351234567890123465 /* ShimmerView.swift */; };
		3D9B1A361234567890123466 /* VersionHistoryView.swift in Sources */ = {isa = PBXBuildFile; fileRef = 3D9B1A371234567890123467 /* VersionHistoryView.swift */; };
		3D9B1A381234567890123468 /* VideoDocumentView.swift in Sources */ = {isa = PBXBuildFile; fileRef = 3D9B1A391234567890123468 /* VideoDocumentView.swift */; };
		3D9B1A381234567890123470 /* TranscriptView.swift in Sources */ = {isa = PBXBuildFile; fileRef = 3D9B1A391234567890123469 /* TranscriptView.swift */; };
		3D9B1B351234567890123465 /* ChatGPTService.swift in Sources */ = {isa = PBXBuildFile; fileRef = 3D9B1B341234567890123464 /* ChatGPTService.swift */; };
		408EE21643E4AE8A216691B0 /* ActionIcon@3x.png in Resources */ = {isa = PBXBuildFile; fileRef = C3CD17B768358FDA426E3BF1 /* ActionIcon@3x.png */; };
		48B5B75E4312202E118FFB46 /* ActionExtension.appex in Embed App Extensions */ = {isa = PBXBuildFile; fileRef = 189D4B5E0C4AFB6E47452312 /* ActionExtension.appex */; settings = {ATTRIBUTES = (RemoveHeadersOnCopy, ); }; };
		49CE9FCE422D47AC86FAD815 /* QueueActionViewController.swift in Sources */ = {isa = PBXBuildFile; fileRef = 61A43B5F73814169853A2F02 /* QueueActionViewController.swift */; };
		5E7351685F648D10E0213F08 /* ActionViewController.swift in Sources */ = {isa = PBXBuildFile; fileRef = 0646378E12D0819C51E3B5FA /* ActionViewController.swift */; };
		6C10D521A75AB7C28AB8B387 /* DocumentStoreImpl.swift in Sources */ = {isa = PBXBuildFile; fileRef = F681F60E8E6F38EEB03596EB /* DocumentStoreImpl.swift */; };
		73550BFDF166174BD82CAAAC /* MainInterface.storyboard in Resources */ = {isa = PBXBuildFile; fileRef = 7FBD0CFE852306298E69989D /* MainInterface.storyboard */; };
		AED20FA1FBEA4A9DAE2F5053 /* MainInterface.storyboard in Resources */ = {isa = PBXBuildFile; fileRef = EBE6093C6A074BEBB56DF36F /* MainInterface.storyboard */; };
		B48270D521E2273F3FB6A834 /* Foundation.framework in Frameworks */ = {isa = PBXBuildFile; fileRef = 518E226ED0401075BE5C372C /* Foundation.framework */; };
		C0047CD5DB0F20CF4724D8B2 /* ActionIcon@2x.png in Resources */ = {isa = PBXBuildFile; fileRef = D7C5FB603D1781A9612ED1BD /* ActionIcon@2x.png */; };
		C45810DDED58D9C91534ABC6 /* Assets.xcassets in Resources */ = {isa = PBXBuildFile; fileRef = A530A292416FC5D38CDF259F /* Assets.xcassets */; };
		C45810DDED58D9C91534ABC7 /* Assets.xcassets in Resources */ = {isa = PBXBuildFile; fileRef = A530A292416FC5D38CDF259E /* Assets.xcassets */; };
		C8490D8C4CB39322122165AD /* ActionExtensionLoadingView.swift in Sources */ = {isa = PBXBuildFile; fileRef = 0D093F9485C992710535EFBC /* ActionExtensionLoadingView.swift */; };
		C8490D8C4CB39322122165AE /* ActionExtensionVideoLoadingView.swift in Sources */ = {isa = PBXBuildFile; fileRef = 0D093F9485C992710535EFC1 /* ActionExtensionVideoLoadingView.swift */; };
		E0231CA15D1740708E0CA1C1 /* QueueActionExtension.appex in Embed App Extensions */ = {isa = PBXBuildFile; fileRef = 53383BBD552B4C18A5ECC156 /* QueueActionExtension.appex */; settings = {ATTRIBUTES = (RemoveHeadersOnCopy, ); }; };
		E4407D16310FD24BBD223D0A /* ChineseDetector.swift in Sources */ = {isa = PBXBuildFile; fileRef = 875ABEB622C89CF71AF70FD1 /* ChineseDetector.swift */; };
/* End PBXBuildFile section */

/* Begin PBXContainerItemProxy section */
		5FCE758C1DE02763C3DD1881 /* PBXContainerItemProxy */ = {
			isa = PBXContainerItemProxy;
			containerPortal = 3D9B1A3D1234567890123456 /* Project object */;
			proxyType = 1;
			remoteGlobalIDString = 274BE966137DB85211C33E18;
			remoteInfo = ActionExtension;
		};
		53BC420324E349BBAEDCB34D /* PBXContainerItemProxy */ = {
			isa = PBXContainerItemProxy;
			containerPortal = 3D9B1A3D1234567890123456 /* Project object */;
			proxyType = 1;
			remoteGlobalIDString = DACDD2DB07F34F67B2A930C4;
			remoteInfo = QueueActionExtension;
		};
/* End PBXContainerItemProxy section */

/* Begin PBXCopyFilesBuildPhase section */
		7A7D96196FA2BA794A2C9B52 /* Embed App Extensions */ = {
			isa = PBXCopyFilesBuildPhase;
			buildActionMask = 2147483647;
			dstPath = "";
			dstSubfolderSpec = 13;
			files = (
				48B5B75E4312202E118FFB46 /* ActionExtension.appex in Embed App Extensions */,
				E0231CA15D1740708E0CA1C1 /* QueueActionExtension.appex in Embed App Extensions */,
			);
			name = "Embed App Extensions";
			runOnlyForDeploymentPostprocessing = 0;
		};
		D29852432E595F5D007795D3 /* Embed Foundation Extensions */ = {
			isa = PBXCopyFilesBuildPhase;
			buildActionMask = 2147483647;
			dstPath = "";
			dstSubfolderSpec = 13;
			files = (
			);
			name = "Embed Foundation Extensions";
			runOnlyForDeploymentPostprocessing = 0;
		};
/* End PBXCopyFilesBuildPhase section */

/* Begin PBXFileReference section */
		0646378E12D0819C51E3B5FA /* ActionViewController.swift */ = {isa = PBXFileReference; includeInIndex = 1; lastKnownFileType = sourcecode.swift; name = ActionViewController.swift; path = ActionExtension/ActionViewController.swift; sourceTree = "<group>"; };
		0D093F9485C992710535EFBC /* ActionExtensionLoadingView.swift */ = {isa = PBXFileReference; includeInIndex = 1; lastKnownFileType = sourcecode.swift; path = ActionExtensionLoadingView.swift; sourceTree = "<group>"; };
		0D093F9485C992710535EFC1 /* ActionExtensionVideoLoadingView.swift */ = {isa = PBXFileReference; includeInIndex = 1; lastKnownFileType = sourcecode.swift; path = ActionExtensionVideoLoadingView.swift; sourceTree = "<group>"; };
		15627FBFFEB1AFE5A161B98D /* ActionIcon.png */ = {isa = PBXFileReference; includeInIndex = 1; lastKnownFileType = image.png; name = ActionIcon.png; path = ActionExtension/Resources/ActionIcon.png; sourceTree = "<group>"; };
		189D4B5E0C4AFB6E47452312 /* ActionExtension.appex */ = {isa = PBXFileReference; explicitFileType = "wrapper.app-extension"; includeInIndex = 0; path = ActionExtension.appex; sourceTree = BUILT_PRODUCTS_DIR; };
		53383BBD552B4C18A5ECC156 /* QueueActionExtension.appex */ = {isa = PBXFileReference; explicitFileType = "wrapper.app-extension"; includeInIndex = 0; path = QueueActionExtension.appex; sourceTree = BUILT_PRODUCTS_DIR; };
		1EE13F3C9DF4F4B275E2EE1E /* Info.plist */ = {isa = PBXFileReference; includeInIndex = 1; lastKnownFileType = text.plist.xml; name = Info.plist; path = ActionExtension/Info.plist; sourceTree = "<group>"; };
		362F714952E8456A98C63302 /* Info.plist */ = {isa = PBXFileReference; lastKnownFileType = text.plist.xml; path = Info.plist; sourceTree = "<group>"; };
		39E40C2907C1D8EA1D754160 /* ActionExtension.entitlements */ = {isa = PBXFileReference; includeInIndex = 1; lastKnownFileType = text.plist.entitlements; name = ActionExtension.entitlements; path = ActionExtension/ActionExtension.entitlements; sourceTree = "<group>"; };
		3D9B1A001234567890123457 /* Snapzify.app */ = {isa = PBXFileReference; explicitFileType = wrapper.application; includeInIndex = 0; path = Snapzify.app; sourceTree = BUILT_PRODUCTS_DIR; };
		3D9B1A011234567890123456 /* SnapzifyApp.swift */ = {isa = PBXFileReference; lastKnownFileType = sourcecode.swift; path = SnapzifyApp.swift; sourceTree = "<group>"; };
		3D9B1A031234567890123456 /* Theme.swift */ = {isa = PBXFileReference; lastKnownFileType = sourcecode.swift; path = Theme.swift; sourceTree = "<group>"; };
		3D9B1A051234567890123456 /* DataModels.swift */ = {isa = PBXFileReference; lastKnownFileType = sourcecode.swift; path = DataModels.swift; sourceTree = "<group>"; };
		3D9B1A071234567890123456 /* ServiceProtocols.swift */ = {isa = PBXFileReference; lastKnownFileType = sourcecode.swift; path = ServiceProtocols.swift; sourceTree = "<group>"; };
		3D9B1A091234567890123456 /* OCRServiceImpl.swift */ = {isa = PBXFileReference; lastKnownFileType = sourcecode.swift; path = OCRServiceImpl.swift; sourceTree = "<group>"; };
		3D9B1A0B1234567890123456 /* ScriptConversionServiceImpl.swift */ = {isa = PBXFileReference; lastKnownFileType = sourcecode.swift; path = ScriptConversionServiceImpl.swift; sourceTree = "<group>"; };
		3D9B1A0D1234567890123456 /* SentenceSegmentationServiceImpl.swift */ = {isa = PBXFileReference; lastKnownFileType = sourcecode.swift; path = SentenceSegmentationServiceImpl.swift; sourceTree = "<group>"; };
		3D9B1A0F1234567890123456 /* PinyinServiceImpl.swift */ = {isa = PBXFileReference; lastKnownFileType = sourcecode.swift; path = PinyinServiceImpl.swift; sourceTree = "<group>"; };
		3D9B1A111234567890123456 /* TranslationServiceOpenAI.swift */ = {isa = PBXFileReference; lastKnownFileType = sourcecode.swift; path = TranslationServiceOpenAI.swift; sourceTree = "<group>"; };
		3D9B1A131234567890123456 /* TTSServiceOpenAI.swift */ = {isa = PBXFileReference; lastKnownFileType = sourcecode.swift; path = TTSServiceOpenAI.swift; sourceTree = "<group>"; };
		3D9B1A151234567890123456 /* ConfigServiceImpl.swift */ = {isa = PBXFileReference; lastKnownFileType = sourcecode.swift; path = ConfigServiceImpl.swift; sourceTree = "<group>"; };
		3D9B1A171234567890123456 /* PlecoLinkServiceImpl.swift */ = {isa = PBXFileReference; lastKnownFileType = sourcecode.swift; path = PlecoLinkServiceImpl.swift; sourceTree = "<group>"; };
		3D9B1A191234567890123456 /* HomeView.swift */ = {isa = PBXFileReference; lastKnownFileType = sourcecode.swift; path = HomeView.swift; sourceTree = "<group>"; };
		3D9B1A1B1234567890123456 /* DocumentView.swift */ = {isa = PBXFileReference; lastKnownFileType = sourcecode.swift; path = DocumentView.swift; sourceTree = "<group>"; };
		3D9B1A1D1234567890123456 /* SentenceRowView.swift */ = {isa = PBXFileReference; lastKnownFileType = sourcecode.swift; path = SentenceRowView.swift; sourceTree = "<group>"; };
		3D9B1A1F1234567890123456 /* SettingsView.swift */ = {isa = PBXFileReference; lastKnownFileType = sourcecode.swift; path = SettingsView.swift; sourceTree = "<group>"; };
		3D9B1A1F1234567890123457 /* QueueProcessingView.swift */ = {isa = PBXFileReference; lastKnownFileType = sourcecode.swift; path = QueueProcessingView.swift; sourceTree = "<group>"; };
		3D9B1A1F1234567890123460 /* QueueDocumentView.swift */ = {isa = PBXFileReference; lastKnownFileType = sourcecode.swift; path = QueueDocumentView.swift; sourceTree = "<group>"; };
		3D9B1A1F1234567890123461 /* DocumentInteractionView.swift */ = {isa = PBXFileReference; lastKnownFileType = sourcecode.swift; path = Components/DocumentInteractionView.swift; sourceTree = "<group>"; };
		3D9B1A1F1234567890123463 /* QueueRecentScreenshotIntent.swift */ = {isa = PBXFileReference; lastKnownFileType = sourcecode.swift; name = QueueRecentScreenshotIntent.swift; path = ../Intents/QueueRecentScreenshotIntent.swift; sourceTree = "<group>"; };
		3D9B1A1F1234567890123465 /* QueueItem.swift */ = {isa = PBXFileReference; lastKnownFileType = sourcecode.swift; path = QueueItem.swift; sourceTree = "<group>"; };
		3D9B1A201234567890123457 /* PinyinServiceOpenAI.swift */ = {isa = PBXFileReference; lastKnownFileType = sourcecode.swift; path = PinyinServiceOpenAI.swift; sourceTree = "<group>"; };
		3D9B1A211234567890123456 /* HomeViewModel.swift */ = {isa = PBXFileReference; lastKnownFileType = sourcecode.swift; path = HomeViewModel.swift; sourceTree = "<group>"; };
		3D9B1A231234567890123456 /* DocumentViewModel.swift */ = {isa = PBXFileReference; lastKnownFileType = sourcecode.swift; path = DocumentViewModel.swift; sourceTree = "<group>"; };
		3D9B1A251234567890123456 /* SentenceViewModel.swift */ = {isa = PBXFileReference; lastKnownFileType = sourcecode.swift; path = SentenceViewModel.swift; sourceTree = "<group>"; };
		3D9B1A271234567890123456 /* SettingsViewModel.swift */ = {isa = PBXFileReference; lastKnownFileType = sourcecode.swift; path = SettingsViewModel.swift; sourceTree = "<group>"; };
		3D9B1A291234567890123456 /* SnapzifyConfig.json */ = {isa = PBXFileReference; lastKnownFileType = text.json; path = SnapzifyConfig.json; sourceTree = "<group>"; };
		3D9B1A2B1234567890123456 /* Assets.xcassets */ = {isa = PBXFileReference; lastKnownFileType = folder.assetcatalog; path = Assets.xcassets; sourceTree = "<group>"; };
		3D9B1A2D1234567890123456 /* Info.plist */ = {isa = PBXFileReference; lastKnownFileType = text.plist.xml; path = Info.plist; sourceTree = "<group>"; };
		3D9B1A2E1234567890123456 /* Snapzify.entitlements */ = {isa = PBXFileReference; lastKnownFileType = text.plist.entitlements; path = Snapzify.entitlements; sourceTree = "<group>"; };
		3D9B1A301234567890123460 /* ChineseProcessingService.swift */ = {isa = PBXFileReference; lastKnownFileType = sourcecode.swift; path = ChineseProcessingService.swift; sourceTree = "<group>"; };
		3D9B1A321234567890123462 /* StreamingChineseProcessingService.swift */ = {isa = PBXFileReference; lastKnownFileType = sourcecode.swift; path = StreamingChineseProcessingService.swift; sourceTree = "<group>"; };
		3D9B1A351234567890123465 /* ShimmerView.swift */ = {isa = PBXFileReference; lastKnownFileType = sourcecode.swift; path = ShimmerView.swift; sourceTree = "<group>"; };
		3D9B1A371234567890123467 /* VersionHistoryView.swift */ = {isa = PBXFileReference; lastKnownFileType = sourcecode.swift; path = VersionHistoryView.swift; sourceTree = "<group>"; };
		3D9B1A391234567890123468 /* VideoDocumentView.swift */ = {isa = PBXFileReference; lastKnownFileType = sourcecode.swift; path = VideoDocumentView.swift; sourceTree = "<group>"; };
		3D9B1A391234567890123469 /* TranscriptView.swift */ = {isa = PBXFileReference; lastKnownFileType = sourcecode.swift; path = TranscriptView.swift; sourceTree = "<group>"; };
		3D9B1A39123456789012346A /* SentenceDetailView.swift */ = {isa = PBXFileReference; lastKnownFileType = sourcecode.swift; path = SentenceDetailView.swift; sourceTree = "<group>"; };
		3D9B1B341234567890123464 /* ChatGPTService.swift */ = {isa = PBXFileReference; lastKnownFileType = sourcecode.swift; path = ChatGPTService.swift; sourceTree = "<group>"; };
		4C3CAB4D9569509E4445624C /* MediaStorageService.swift */ = {isa = PBXFileReference; includeInIndex = 1; lastKnownFileType = sourcecode.swift; path = MediaStorageService.swift; sourceTree = "<group>"; };
		518E226ED0401075BE5C372C /* Foundation.framework */ = {isa = PBXFileReference; lastKnownFileType = wrapper.framework; name = Foundation.framework; path = Platforms/iPhoneOS.platform/Developer/SDKs/iPhoneOS18.0.sdk/System/Library/Frameworks/Foundation.framework; sourceTree = DEVELOPER_DIR; };
		61A43B5F73814169853A2F02 /* QueueActionViewController.swift */ = {isa = PBXFileReference; lastKnownFileType = sourcecode.swift; path = QueueActionViewController.swift; sourceTree = "<group>"; };
		7FBD0CFE852306298E69989D /* MainInterface.storyboard */ = {isa = PBXFileReference; includeInIndex = 1; lastKnownFileType = file.storyboard; name = MainInterface.storyboard; path = ActionExtension/MainInterface.storyboard; sourceTree = "<group>"; };
		875ABEB622C89CF71AF70FD1 /* ChineseDetector.swift */ = {isa = PBXFileReference; includeInIndex = 1; lastKnownFileType = sourcecode.swift; path = ChineseDetector.swift; sourceTree = "<group>"; };
		A2AFE04A7E04C198BC4420E5 /* UIImageWrapper.swift */ = {isa = PBXFileReference; includeInIndex = 1; lastKnownFileType = sourcecode.swift; path = UIImageWrapper.swift; sourceTree = "<group>"; };
		A530A292416FC5D38CDF259F /* Assets.xcassets */ = {isa = PBXFileReference; includeInIndex = 1; lastKnownFileType = folder.assetcatalog; name = Assets.xcassets; path = ActionExtension/Assets.xcassets; sourceTree = "<group>"; };
		A530A292416FC5D38CDF259E /* Assets.xcassets */ = {isa = PBXFileReference; lastKnownFileType = folder.assetcatalog; path = Assets.xcassets; sourceTree = "<group>"; };
		C3CD17B768358FDA426E3BF1 /* ActionIcon@3x.png */ = {isa = PBXFileReference; includeInIndex = 1; lastKnownFileType = image.png; name = "ActionIcon@3x.png"; path = "ActionExtension/Resources/ActionIcon@3x.png"; sourceTree = "<group>"; };
		D7C5FB603D1781A9612ED1BD /* ActionIcon@2x.png */ = {isa = PBXFileReference; includeInIndex = 1; lastKnownFileType = image.png; name = "ActionIcon@2x.png"; path = "ActionExtension/Resources/ActionIcon@2x.png"; sourceTree = "<group>"; };
		E937F459F270D304710898D8 /* ServiceContainer.swift */ = {isa = PBXFileReference; includeInIndex = 1; lastKnownFileType = sourcecode.swift; path = ServiceContainer.swift; sourceTree = "<group>"; };
		EBE6093C6A074BEBB56DF36F /* MainInterface.storyboard */ = {isa = PBXFileReference; lastKnownFileType = file.storyboard; path = Base.lproj/MainInterface.storyboard; sourceTree = "<group>"; };
		F681F60E8E6F38EEB03596EB /* DocumentStoreImpl.swift */ = {isa = PBXFileReference; includeInIndex = 1; lastKnownFileType = sourcecode.swift; path = DocumentStoreImpl.swift; sourceTree = "<group>"; };
/* End PBXFileReference section */

/* Begin PBXFrameworksBuildPhase section */
		3D9B1A2F1234567890123456 /* Frameworks */ = {
			isa = PBXFrameworksBuildPhase;
			buildActionMask = 2147483647;
			files = (
			);
			runOnlyForDeploymentPostprocessing = 0;
		};
		838245672CEEC552C80D2FE4 /* Frameworks */ = {
			isa = PBXFrameworksBuildPhase;
			buildActionMask = 2147483647;
			files = (
				B48270D521E2273F3FB6A834 /* Foundation.framework in Frameworks */,
			);
			runOnlyForDeploymentPostprocessing = 0;
		};
		DACDD2DB07F34F67B2A930C403 /* Frameworks */ = {
			isa = PBXFrameworksBuildPhase;
			buildActionMask = 2147483647;
			files = (
			);
			runOnlyForDeploymentPostprocessing = 0;
		};
/* End PBXFrameworksBuildPhase section */

/* Begin PBXGroup section */
		3D9B1A301234567890123456 = {
			isa = PBXGroup;
			children = (
				3D9B1A311234567890123456 /* Snapzify */,
				DACDD2DB07F34F67B2A930C9 /* QueueActionExtension */,
				3D9B1A321234567890123456 /* Products */,
				ADE3CCA179E221298D3A14F7 /* Frameworks */,
				C21222F34C8BD1137656C9DE /* ActionExtension */,
			);
			sourceTree = "<group>";
		};
		3D9B1A311234567890123456 /* Snapzify */ = {
			isa = PBXGroup;
			children = (
				3D9B1A011234567890123456 /* SnapzifyApp.swift */,
				3D9B1A331234567890123456 /* Models */,
				3D9B1A341234567890123456 /* Services */,
				3D9B1A351234567890123456 /* Views */,
				3D9B1A361234567890123456 /* ViewModels */,
				3D9B1A371234567890123456 /* Utils */,
				3D9B1A381234567890123456 /* Resources */,
				3D9B1A2D1234567890123456 /* Info.plist */,
				3D9B1A2E1234567890123456 /* Snapzify.entitlements */,
			);
			path = Snapzify;
			sourceTree = "<group>";
		};
		3D9B1A321234567890123456 /* Products */ = {
			isa = PBXGroup;
			children = (
				3D9B1A001234567890123457 /* Snapzify.app */,
				189D4B5E0C4AFB6E47452312 /* ActionExtension.appex */,
				53383BBD552B4C18A5ECC156 /* QueueActionExtension.appex */,
			);
			name = Products;
			sourceTree = "<group>";
		};
		3D9B1A331234567890123456 /* Models */ = {
			isa = PBXGroup;
			children = (
				3D9B1A051234567890123456 /* DataModels.swift */,
				3D9B1A1F1234567890123465 /* QueueItem.swift */,
			);
			path = Models;
			sourceTree = "<group>";
		};
		3D9B1A341234567890123456 /* Services */ = {
			isa = PBXGroup;
			children = (
				3D9B1A071234567890123456 /* ServiceProtocols.swift */,
				3D9B1A091234567890123456 /* OCRServiceImpl.swift */,
				3D9B1A0B1234567890123456 /* ScriptConversionServiceImpl.swift */,
				3D9B1A0D1234567890123456 /* SentenceSegmentationServiceImpl.swift */,
				3D9B1A0F1234567890123456 /* PinyinServiceImpl.swift */,
				3D9B1A201234567890123457 /* PinyinServiceOpenAI.swift */,
				3D9B1A301234567890123460 /* ChineseProcessingService.swift */,
				3D9B1A321234567890123462 /* StreamingChineseProcessingService.swift */,
				3D9B1A111234567890123456 /* TranslationServiceOpenAI.swift */,
				3D9B1A131234567890123456 /* TTSServiceOpenAI.swift */,
				3D9B1B341234567890123464 /* ChatGPTService.swift */,
				3D9B1A151234567890123456 /* ConfigServiceImpl.swift */,
				3D9B1A171234567890123456 /* PlecoLinkServiceImpl.swift */,
				F681F60E8E6F38EEB03596EB /* DocumentStoreImpl.swift */,
				E937F459F270D304710898D8 /* ServiceContainer.swift */,
				4C3CAB4D9569509E4445624C /* MediaStorageService.swift */,
			);
			path = Services;
			sourceTree = "<group>";
		};
		3D9B1A351234567890123456 /* Views */ = {
			isa = PBXGroup;
			children = (
				3D9B1A191234567890123456 /* HomeView.swift */,
				3D9B1A1B1234567890123456 /* DocumentView.swift */,
				3D9B1A1D1234567890123456 /* SentenceRowView.swift */,
				3D9B1A351234567890123465 /* ShimmerView.swift */,
				3D9B1A371234567890123467 /* VersionHistoryView.swift */,
				3D9B1A1F1234567890123456 /* SettingsView.swift */,
				3D9B1A1F1234567890123457 /* QueueProcessingView.swift */,
				3D9B1A1F1234567890123460 /* QueueDocumentView.swift */,
				3D9B1A391234567890123468 /* VideoDocumentView.swift */,
				3D9B1A391234567890123469 /* TranscriptView.swift */,
				3D9B1A39123456789012346A /* SentenceDetailView.swift */,
				0D093F9485C992710535EFBC /* ActionExtensionLoadingView.swift */,
				0D093F9485C992710535EFC1 /* ActionExtensionVideoLoadingView.swift */,
				3D9B1A1F1234567890123461 /* DocumentInteractionView.swift */,
			);
			path = Views;
			sourceTree = "<group>";
		};
		3D9B1A361234567890123456 /* ViewModels */ = {
			isa = PBXGroup;
			children = (
				3D9B1A211234567890123456 /* HomeViewModel.swift */,
				3D9B1A231234567890123456 /* DocumentViewModel.swift */,
				3D9B1A251234567890123456 /* SentenceViewModel.swift */,
				3D9B1A271234567890123456 /* SettingsViewModel.swift */,
			);
			path = ViewModels;
			sourceTree = "<group>";
		};
		3D9B1A371234567890123456 /* Utils */ = {
			isa = PBXGroup;
			children = (
				3D9B1A031234567890123456 /* Theme.swift */,
				A2AFE04A7E04C198BC4420E5 /* UIImageWrapper.swift */,
				875ABEB622C89CF71AF70FD1 /* ChineseDetector.swift */,
				3D9B1A1F1234567890123463 /* QueueRecentScreenshotIntent.swift */,
			);
			path = Utils;
			sourceTree = "<group>";
		};
		3D9B1A381234567890123456 /* Resources */ = {
			isa = PBXGroup;
			children = (
				3D9B1A291234567890123456 /* SnapzifyConfig.json */,
				3D9B1A2B1234567890123456 /* Assets.xcassets */,
			);
			path = Resources;
			sourceTree = "<group>";
		};
		ADE3CCA179E221298D3A14F7 /* Frameworks */ = {
			isa = PBXGroup;
			children = (
				DD82DECAC7FE5CEA8A53EA8A /* iOS */,
			);
			name = Frameworks;
			sourceTree = "<group>";
		};
		C21222F34C8BD1137656C9DE /* ActionExtension */ = {
			isa = PBXGroup;
			children = (
				0646378E12D0819C51E3B5FA /* ActionViewController.swift */,
				7FBD0CFE852306298E69989D /* MainInterface.storyboard */,
				1EE13F3C9DF4F4B275E2EE1E /* Info.plist */,
				39E40C2907C1D8EA1D754160 /* ActionExtension.entitlements */,
				FF86BDE4092989B65228CA65 /* Resources */,
				A530A292416FC5D38CDF259F /* Assets.xcassets */,
			);
			name = ActionExtension;
			sourceTree = "<group>";
		};
		DACDD2DB07F34F67B2A930C9 /* QueueActionExtension */ = {
			isa = PBXGroup;
			children = (
				61A43B5F73814169853A2F02 /* QueueActionViewController.swift */,
				EBE6093C6A074BEBB56DF36F /* MainInterface.storyboard */,
				362F714952E8456A98C63302 /* Info.plist */,
				A530A292416FC5D38CDF259E /* Assets.xcassets */,
			);
			path = QueueActionExtension;
			sourceTree = "<group>";
		};
		DD82DECAC7FE5CEA8A53EA8A /* iOS */ = {
			isa = PBXGroup;
			children = (
				518E226ED0401075BE5C372C /* Foundation.framework */,
			);
			name = iOS;
			sourceTree = "<group>";
		};
		FF86BDE4092989B65228CA65 /* Resources */ = {
			isa = PBXGroup;
			children = (
				15627FBFFEB1AFE5A161B98D /* ActionIcon.png */,
				D7C5FB603D1781A9612ED1BD /* ActionIcon@2x.png */,
				C3CD17B768358FDA426E3BF1 /* ActionIcon@3x.png */,
			);
			name = Resources;
			sourceTree = "<group>";
		};
/* End PBXGroup section */

/* Begin PBXNativeTarget section */
		274BE966137DB85211C33E18 /* ActionExtension */ = {
			isa = PBXNativeTarget;
			buildConfigurationList = 3928AB46ED1D5894F9ED044A /* Build configuration list for PBXNativeTarget "ActionExtension" */;
			buildPhases = (
				2E25E513798326C97E341B22 /* Sources */,
				838245672CEEC552C80D2FE4 /* Frameworks */,
				902C0D69973111D4B8A60514 /* Resources */,
			);
			buildRules = (
			);
			dependencies = (
			);
			name = ActionExtension;
			productName = ActionExtension;
			productReference = 189D4B5E0C4AFB6E47452312 /* ActionExtension.appex */;
			productType = "com.apple.product-type.app-extension";
		};
		3D9B1A391234567890123456 /* Snapzify */ = {
			isa = PBXNativeTarget;
			buildConfigurationList = 3D9B1A3A1234567890123456 /* Build configuration list for PBXNativeTarget "Snapzify" */;
			buildPhases = (
				3D9B1A3B1234567890123456 /* Sources */,
				3D9B1A2F1234567890123456 /* Frameworks */,
				3D9B1A3C1234567890123456 /* Resources */,
				D29852432E595F5D007795D3 /* Embed Foundation Extensions */,
				7A7D96196FA2BA794A2C9B52 /* Embed App Extensions */,
			);
			buildRules = (
			);
			dependencies = (
				547DC48C87625337A7D24722 /* PBXTargetDependency */,
				DACDD2DB07F34F67B2A930C405 /* PBXTargetDependency */,
			);
			name = Snapzify;
			productName = Snapzify;
			productReference = 3D9B1A001234567890123457 /* Snapzify.app */;
			productType = "com.apple.product-type.application";
		};
		DACDD2DB07F34F67B2A930C4 /* QueueActionExtension */ = {
			isa = PBXNativeTarget;
			buildConfigurationList = DACDD2DB07F34F67B2A930C401 /* Build configuration list for PBXNativeTarget "QueueActionExtension" */;
			buildPhases = (
				DACDD2DB07F34F67B2A930C402 /* Sources */,
				DACDD2DB07F34F67B2A930C403 /* Frameworks */,
				DACDD2DB07F34F67B2A930C404 /* Resources */,
			);
			buildRules = (
			);
			dependencies = (
			);
			name = QueueActionExtension;
			productName = QueueActionExtension;
			productReference = 53383BBD552B4C18A5ECC156 /* QueueActionExtension.appex */;
			productType = "com.apple.product-type.app-extension";
		};
/* End PBXNativeTarget section */

/* Begin PBXProject section */
		3D9B1A3D1234567890123456 /* Project object */ = {
			isa = PBXProject;
			attributes = {
				BuildIndependentTargetsInParallel = 1;
				LastSwiftUpdateCheck = 1640;
				LastUpgradeCheck = 1540;
				TargetAttributes = {
					3D9B1A391234567890123456 = {
						CreatedOnToolsVersion = 15.4;
					};
				};
			};
			buildConfigurationList = 3D9B1A3E1234567890123456 /* Build configuration list for PBXProject "Snapzify" */;
			compatibilityVersion = "Xcode 14.0";
			developmentRegion = en;
			hasScannedForEncodings = 0;
			knownRegions = (
				en,
				Base,
			);
			mainGroup = 3D9B1A301234567890123456;
			productRefGroup = 3D9B1A321234567890123456 /* Products */;
			projectDirPath = "";
			projectRoot = "";
			targets = (
				3D9B1A391234567890123456 /* Snapzify */,
				274BE966137DB85211C33E18 /* ActionExtension */,
				DACDD2DB07F34F67B2A930C4 /* QueueActionExtension */,
			);
		};
/* End PBXProject section */

/* Begin PBXResourcesBuildPhase section */
		3D9B1A3C1234567890123456 /* Resources */ = {
			isa = PBXResourcesBuildPhase;
			buildActionMask = 2147483647;
			files = (
				3D9B1A2A1234567890123456 /* Assets.xcassets in Resources */,
				3D9B1A281234567890123456 /* SnapzifyConfig.json in Resources */,
			);
			runOnlyForDeploymentPostprocessing = 0;
		};
		902C0D69973111D4B8A60514 /* Resources */ = {
			isa = PBXResourcesBuildPhase;
			buildActionMask = 2147483647;
			files = (
				73550BFDF166174BD82CAAAC /* MainInterface.storyboard in Resources */,
				14FF5D5227ED405755C43183 /* ActionIcon.png in Resources */,
				C0047CD5DB0F20CF4724D8B2 /* ActionIcon@2x.png in Resources */,
				408EE21643E4AE8A216691B0 /* ActionIcon@3x.png in Resources */,
				C45810DDED58D9C91534ABC6 /* Assets.xcassets in Resources */,
			);
			runOnlyForDeploymentPostprocessing = 0;
		};
		DACDD2DB07F34F67B2A930C404 /* Resources */ = {
			isa = PBXResourcesBuildPhase;
			buildActionMask = 2147483647;
			files = (
				AED20FA1FBEA4A9DAE2F5053 /* MainInterface.storyboard in Resources */,
				C45810DDED58D9C91534ABC7 /* Assets.xcassets in Resources */,
			);
			runOnlyForDeploymentPostprocessing = 0;
		};
/* End PBXResourcesBuildPhase section */

/* Begin PBXSourcesBuildPhase section */
		2E25E513798326C97E341B22 /* Sources */ = {
			isa = PBXSourcesBuildPhase;
			buildActionMask = 2147483647;
			files = (
				5E7351685F648D10E0213F08 /* ActionViewController.swift in Sources */,
			);
			runOnlyForDeploymentPostprocessing = 0;
		};
		3D9B1A3B1234567890123456 /* Sources */ = {
			isa = PBXSourcesBuildPhase;
			buildActionMask = 2147483647;
			files = (
				3D9B1A001234567890123456 /* SnapzifyApp.swift in Sources */,
				3D9B1A021234567890123456 /* Theme.swift in Sources */,
				3D9B1A041234567890123456 /* DataModels.swift in Sources */,
				3D9B1A061234567890123456 /* ServiceProtocols.swift in Sources */,
				3D9B1A081234567890123456 /* OCRServiceImpl.swift in Sources */,
				3D9B1A0A1234567890123456 /* ScriptConversionServiceImpl.swift in Sources */,
				3D9B1A0C1234567890123456 /* SentenceSegmentationServiceImpl.swift in Sources */,
				3D9B1A0E1234567890123456 /* PinyinServiceImpl.swift in Sources */,
				3D9B1A211234567890123458 /* PinyinServiceOpenAI.swift in Sources */,
				3D9B1A311234567890123461 /* ChineseProcessingService.swift in Sources */,
				3D9B1A331234567890123463 /* StreamingChineseProcessingService.swift in Sources */,
				3D9B1A101234567890123456 /* TranslationServiceOpenAI.swift in Sources */,
				3D9B1A121234567890123456 /* TTSServiceOpenAI.swift in Sources */,
				3D9B1B351234567890123465 /* ChatGPTService.swift in Sources */,
				3D9B1A141234567890123456 /* ConfigServiceImpl.swift in Sources */,
				3D9B1A161234567890123456 /* PlecoLinkServiceImpl.swift in Sources */,
				3D9B1A181234567890123456 /* HomeView.swift in Sources */,
				3D9B1A1A1234567890123456 /* DocumentView.swift in Sources */,
				3D9B1A1C1234567890123456 /* SentenceRowView.swift in Sources */,
				3D9B1A381234567890123468 /* VideoDocumentView.swift in Sources */,
				3D9B1A381234567890123470 /* TranscriptView.swift in Sources */,
				3D9B1A341234567890123464 /* ShimmerView.swift in Sources */,
				3D9B1A361234567890123466 /* VersionHistoryView.swift in Sources */,
				3D9B1A1E1234567890123456 /* SettingsView.swift in Sources */,
				3D9B1A1F1234567890123458 /* QueueProcessingView.swift in Sources */,
				3D9B1A1F1234567890123459 /* QueueDocumentView.swift in Sources */,
				3D9B1A1F1234567890123462 /* DocumentInteractionView.swift in Sources */,
				3D9B1A1F1234567890123464 /* QueueRecentScreenshotIntent.swift in Sources */,
				3D9B1A1F1234567890123466 /* QueueItem.swift in Sources */,
				3D9B1A201234567890123456 /* HomeViewModel.swift in Sources */,
				3D9B1A221234567890123456 /* DocumentViewModel.swift in Sources */,
				3D9B1A241234567890123456 /* SentenceViewModel.swift in Sources */,
				3D9B1A261234567890123456 /* SettingsViewModel.swift in Sources */,
				6C10D521A75AB7C28AB8B387 /* DocumentStoreImpl.swift in Sources */,
				2400A106E61C6BD7F823EE8D /* ServiceContainer.swift in Sources */,
				C8490D8C4CB39322122165AD /* ActionExtensionLoadingView.swift in Sources */,
				C8490D8C4CB39322122165AE /* ActionExtensionVideoLoadingView.swift in Sources */,
				3A8B6CC2165AB2A2EDC1A366 /* UIImageWrapper.swift in Sources */,
				E4407D16310FD24BBD223D0A /* ChineseDetector.swift in Sources */,
				057AF194E418CBC6A609E857 /* MediaStorageService.swift in Sources */,
			);
			runOnlyForDeploymentPostprocessing = 0;
		};
		DACDD2DB07F34F67B2A930C402 /* Sources */ = {
			isa = PBXSourcesBuildPhase;
			buildActionMask = 2147483647;
			files = (
				49CE9FCE422D47AC86FAD815 /* QueueActionViewController.swift in Sources */,
			);
			runOnlyForDeploymentPostprocessing = 0;
		};
/* End PBXSourcesBuildPhase section */

/* Begin PBXTargetDependency section */
		547DC48C87625337A7D24722 /* PBXTargetDependency */ = {
			isa = PBXTargetDependency;
			name = ActionExtension;
			target = 274BE966137DB85211C33E18 /* ActionExtension */;
			targetProxy = 5FCE758C1DE02763C3DD1881 /* PBXContainerItemProxy */;
		};
		DACDD2DB07F34F67B2A930C405 /* PBXTargetDependency */ = {
			isa = PBXTargetDependency;
			target = DACDD2DB07F34F67B2A930C4 /* QueueActionExtension */;
			targetProxy = 53BC420324E349BBAEDCB34D /* PBXContainerItemProxy */;
		};
/* End PBXTargetDependency section */

/* Begin XCBuildConfiguration section */
		3D9B1A3F1234567890123456 /* Debug */ = {
			isa = XCBuildConfiguration;
			buildSettings = {
				ALWAYS_SEARCH_USER_PATHS = NO;
				ASSETCATALOG_COMPILER_GENERATE_SWIFT_ASSET_SYMBOL_EXTENSIONS = YES;
				CLANG_ANALYZER_NONNULL = YES;
				CLANG_ANALYZER_NUMBER_OBJECT_CONVERSION = YES_AGGRESSIVE;
				CLANG_CXX_LANGUAGE_STANDARD = "gnu++20";
				CLANG_ENABLE_MODULES = YES;
				CLANG_ENABLE_OBJC_ARC = YES;
				CLANG_ENABLE_OBJC_WEAK = YES;
				CLANG_WARN_BLOCK_CAPTURE_AUTORELEASING = YES;
				CLANG_WARN_BOOL_CONVERSION = YES;
				CLANG_WARN_COMMA = YES;
				CLANG_WARN_CONSTANT_CONVERSION = YES;
				CLANG_WARN_DEPRECATED_OBJC_IMPLEMENTATIONS = YES;
				CLANG_WARN_DIRECT_OBJC_ISA_USAGE = YES_ERROR;
				CLANG_WARN_DOCUMENTATION_COMMENTS = YES;
				CLANG_WARN_EMPTY_BODY = YES;
				CLANG_WARN_ENUM_CONVERSION = YES;
				CLANG_WARN_INFINITE_RECURSION = YES;
				CLANG_WARN_INT_CONVERSION = YES;
				CLANG_WARN_NON_LITERAL_NULL_CONVERSION = YES;
				CLANG_WARN_OBJC_IMPLICIT_RETAIN_SELF = YES;
				CLANG_WARN_OBJC_LITERAL_CONVERSION = YES;
				CLANG_WARN_OBJC_ROOT_CLASS = YES_ERROR;
				CLANG_WARN_QUOTED_INCLUDE_IN_FRAMEWORK_HEADER = YES;
				CLANG_WARN_RANGE_LOOP_ANALYSIS = YES;
				CLANG_WARN_STRICT_PROTOTYPES = YES;
				CLANG_WARN_SUSPICIOUS_MOVE = YES;
				CLANG_WARN_UNGUARDED_AVAILABILITY = YES_AGGRESSIVE;
				CLANG_WARN_UNREACHABLE_CODE = YES;
				CLANG_WARN__DUPLICATE_METHOD_MATCH = YES;
				COPY_PHASE_STRIP = NO;
				DEBUG_INFORMATION_FORMAT = dwarf;
				ENABLE_STRICT_OBJC_MSGSEND = YES;
				ENABLE_TESTABILITY = YES;
				ENABLE_USER_SCRIPT_SANDBOXING = YES;
				GCC_C_LANGUAGE_STANDARD = gnu17;
				GCC_DYNAMIC_NO_PIC = NO;
				GCC_NO_COMMON_BLOCKS = YES;
				GCC_OPTIMIZATION_LEVEL = 0;
				GCC_PREPROCESSOR_DEFINITIONS = (
					"DEBUG=1",
					"$(inherited)",
				);
				GCC_WARN_64_TO_32_BIT_CONVERSION = YES;
				GCC_WARN_ABOUT_RETURN_TYPE = YES_ERROR;
				GCC_WARN_UNDECLARED_SELECTOR = YES;
				GCC_WARN_UNINITIALIZED_AUTOS = YES_AGGRESSIVE;
				GCC_WARN_UNUSED_FUNCTION = YES;
				GCC_WARN_UNUSED_VARIABLE = YES;
				IPHONEOS_DEPLOYMENT_TARGET = 17.5;
				LOCALIZATION_PREFERS_STRING_CATALOGS = YES;
				MTL_ENABLE_DEBUG_INFO = INCLUDE_SOURCE;
				MTL_FAST_MATH = YES;
				ONLY_ACTIVE_ARCH = YES;
				SDKROOT = iphoneos;
				SWIFT_ACTIVE_COMPILATION_CONDITIONS = "DEBUG $(inherited)";
				SWIFT_OPTIMIZATION_LEVEL = "-Onone";
			};
			name = Debug;
		};
		3D9B1A401234567890123456 /* Release */ = {
			isa = XCBuildConfiguration;
			buildSettings = {
				ALWAYS_SEARCH_USER_PATHS = NO;
				ASSETCATALOG_COMPILER_GENERATE_SWIFT_ASSET_SYMBOL_EXTENSIONS = YES;
				CLANG_ANALYZER_NONNULL = YES;
				CLANG_ANALYZER_NUMBER_OBJECT_CONVERSION = YES_AGGRESSIVE;
				CLANG_CXX_LANGUAGE_STANDARD = "gnu++20";
				CLANG_ENABLE_MODULES = YES;
				CLANG_ENABLE_OBJC_ARC = YES;
				CLANG_ENABLE_OBJC_WEAK = YES;
				CLANG_WARN_BLOCK_CAPTURE_AUTORELEASING = YES;
				CLANG_WARN_BOOL_CONVERSION = YES;
				CLANG_WARN_COMMA = YES;
				CLANG_WARN_CONSTANT_CONVERSION = YES;
				CLANG_WARN_DEPRECATED_OBJC_IMPLEMENTATIONS = YES;
				CLANG_WARN_DIRECT_OBJC_ISA_USAGE = YES_ERROR;
				CLANG_WARN_DOCUMENTATION_COMMENTS = YES;
				CLANG_WARN_EMPTY_BODY = YES;
				CLANG_WARN_ENUM_CONVERSION = YES;
				CLANG_WARN_INFINITE_RECURSION = YES;
				CLANG_WARN_INT_CONVERSION = YES;
				CLANG_WARN_NON_LITERAL_NULL_CONVERSION = YES;
				CLANG_WARN_OBJC_IMPLICIT_RETAIN_SELF = YES;
				CLANG_WARN_OBJC_LITERAL_CONVERSION = YES;
				CLANG_WARN_OBJC_ROOT_CLASS = YES_ERROR;
				CLANG_WARN_QUOTED_INCLUDE_IN_FRAMEWORK_HEADER = YES;
				CLANG_WARN_RANGE_LOOP_ANALYSIS = YES;
				CLANG_WARN_STRICT_PROTOTYPES = YES;
				CLANG_WARN_SUSPICIOUS_MOVE = YES;
				CLANG_WARN_UNGUARDED_AVAILABILITY = YES_AGGRESSIVE;
				CLANG_WARN_UNREACHABLE_CODE = YES;
				CLANG_WARN__DUPLICATE_METHOD_MATCH = YES;
				COPY_PHASE_STRIP = NO;
				DEBUG_INFORMATION_FORMAT = "dwarf-with-dsym";
				ENABLE_NS_ASSERTIONS = NO;
				ENABLE_STRICT_OBJC_MSGSEND = YES;
				ENABLE_USER_SCRIPT_SANDBOXING = YES;
				GCC_C_LANGUAGE_STANDARD = gnu17;
				GCC_NO_COMMON_BLOCKS = YES;
				GCC_WARN_64_TO_32_BIT_CONVERSION = YES;
				GCC_WARN_ABOUT_RETURN_TYPE = YES_ERROR;
				GCC_WARN_UNDECLARED_SELECTOR = YES;
				GCC_WARN_UNINITIALIZED_AUTOS = YES_AGGRESSIVE;
				GCC_WARN_UNUSED_FUNCTION = YES;
				GCC_WARN_UNUSED_VARIABLE = YES;
				IPHONEOS_DEPLOYMENT_TARGET = 17.5;
				LOCALIZATION_PREFERS_STRING_CATALOGS = YES;
				MTL_ENABLE_DEBUG_INFO = NO;
				MTL_FAST_MATH = YES;
				SDKROOT = iphoneos;
				SWIFT_COMPILATION_MODE = wholemodule;
				VALIDATE_PRODUCT = YES;
			};
			name = Release;
		};
		3D9B1A411234567890123456 /* Debug */ = {
			isa = XCBuildConfiguration;
			buildSettings = {
				ASSETCATALOG_COMPILER_APPICON_NAME = AppIcon;
				ASSETCATALOG_COMPILER_GLOBAL_ACCENT_COLOR_NAME = AccentColor;
				ASSETCATALOG_COMPILER_INCLUDE_ALL_APPICON_ASSETS = NO;
				CODE_SIGN_ENTITLEMENTS = Snapzify/Snapzify.entitlements;
				CODE_SIGN_STYLE = Automatic;
				CURRENT_PROJECT_VERSION = 1;
				DEVELOPMENT_TEAM = 8FN3F53SM8;
				ENABLE_PREVIEWS = YES;
				GENERATE_INFOPLIST_FILE = YES;
				INFOPLIST_FILE = Snapzify/Info.plist;
				INFOPLIST_KEY_NSCameraUsageDescription = "This app uses the camera to capture screenshots for text recognition.";
				INFOPLIST_KEY_NSPhotoLibraryUsageDescription = "This app accesses photos to process screenshots containing Chinese text.";
				INFOPLIST_KEY_UIApplicationSceneManifest_Generation = YES;
				INFOPLIST_KEY_UIApplicationSupportsIndirectInputEvents = YES;
				INFOPLIST_KEY_UILaunchScreen_Generation = YES;
				INFOPLIST_KEY_UISupportedInterfaceOrientations_iPad = "UIInterfaceOrientationPortrait UIInterfaceOrientationPortraitUpsideDown UIInterfaceOrientationLandscapeLeft UIInterfaceOrientationLandscapeRight";
				INFOPLIST_KEY_UISupportedInterfaceOrientations_iPhone = "UIInterfaceOrientationPortrait UIInterfaceOrientationLandscapeLeft UIInterfaceOrientationLandscapeRight";
				LD_RUNPATH_SEARCH_PATHS = (
					"$(inherited)",
					"@executable_path/Frameworks",
				);
				MARKETING_VERSION = 1.0;
				PRODUCT_BUNDLE_IDENTIFIER = com.snapzify.app;
				PRODUCT_NAME = "$(TARGET_NAME)";
				SWIFT_EMIT_LOC_STRINGS = YES;
				SWIFT_VERSION = 5.0;
				TARGETED_DEVICE_FAMILY = "1,2";
			};
			name = Debug;
		};
		3D9B1A421234567890123456 /* Release */ = {
			isa = XCBuildConfiguration;
			buildSettings = {
				ASSETCATALOG_COMPILER_APPICON_NAME = AppIcon;
				ASSETCATALOG_COMPILER_GLOBAL_ACCENT_COLOR_NAME = AccentColor;
				ASSETCATALOG_COMPILER_INCLUDE_ALL_APPICON_ASSETS = NO;
				CODE_SIGN_ENTITLEMENTS = Snapzify/Snapzify.entitlements;
				CODE_SIGN_STYLE = Automatic;
				CURRENT_PROJECT_VERSION = 1;
				DEVELOPMENT_TEAM = 8FN3F53SM8;
				ENABLE_PREVIEWS = YES;
				GENERATE_INFOPLIST_FILE = YES;
				INFOPLIST_FILE = Snapzify/Info.plist;
				INFOPLIST_KEY_NSCameraUsageDescription = "This app uses the camera to capture screenshots for text recognition.";
				INFOPLIST_KEY_NSPhotoLibraryUsageDescription = "This app accesses photos to process screenshots containing Chinese text.";
				INFOPLIST_KEY_UIApplicationSceneManifest_Generation = YES;
				INFOPLIST_KEY_UIApplicationSupportsIndirectInputEvents = YES;
				INFOPLIST_KEY_UILaunchScreen_Generation = YES;
				INFOPLIST_KEY_UISupportedInterfaceOrientations_iPad = "UIInterfaceOrientationPortrait UIInterfaceOrientationPortraitUpsideDown UIInterfaceOrientationLandscapeLeft UIInterfaceOrientationLandscapeRight";
				INFOPLIST_KEY_UISupportedInterfaceOrientations_iPhone = "UIInterfaceOrientationPortrait UIInterfaceOrientationLandscapeLeft UIInterfaceOrientationLandscapeRight";
				LD_RUNPATH_SEARCH_PATHS = (
					"$(inherited)",
					"@executable_path/Frameworks",
				);
				MARKETING_VERSION = 1.0;
				PRODUCT_BUNDLE_IDENTIFIER = com.snapzify.app;
				PRODUCT_NAME = "$(TARGET_NAME)";
				SWIFT_EMIT_LOC_STRINGS = YES;
				SWIFT_VERSION = 5.0;
				TARGETED_DEVICE_FAMILY = "1,2";
			};
			name = Release;
		};
		902A1F9C6B6C827E9E12B214 /* Debug */ = {
			isa = XCBuildConfiguration;
			buildSettings = {
				ASSETCATALOG_COMPILER_APPICON_NAME = ActionIcon;
				CLANG_ENABLE_OBJC_WEAK = NO;
				CODE_SIGN_ENTITLEMENTS = ActionExtension/ActionExtension.entitlements;
				CODE_SIGN_STYLE = Automatic;
				DEVELOPMENT_TEAM = 8FN3F53SM8;
				INFOPLIST_FILE = ActionExtension/Info.plist;
				IPHONEOS_DEPLOYMENT_TARGET = 15.0;
				LD_RUNPATH_SEARCH_PATHS = (
					"$(inherited)",
					"@executable_path/Frameworks",
					"@executable_path/../../Frameworks",
				);
				PRODUCT_BUNDLE_IDENTIFIER = com.snapzify.app.ActionExtension;
				PRODUCT_MODULE_NAME = ActionExtension;
				PRODUCT_NAME = ActionExtension;
				SDKROOT = iphoneos;
				SKIP_INSTALL = YES;
				SWIFT_VERSION = 5.0;
				TARGETED_DEVICE_FAMILY = "1,2";
			};
			name = Debug;
		};
		DACDD2DB07F34F67B2A930C406 /* Debug */ = {
			isa = XCBuildConfiguration;
			buildSettings = {
				ASSETCATALOG_COMPILER_APPICON_NAME = ActionIcon;
				CODE_SIGN_ENTITLEMENTS = QueueActionExtension/QueueActionExtension.entitlements;
				CODE_SIGN_STYLE = Automatic;
				CURRENT_PROJECT_VERSION = 1;
				DEVELOPMENT_TEAM = 8FN3F53SM8;
				GENERATE_INFOPLIST_FILE = NO;
				INFOPLIST_FILE = QueueActionExtension/Info.plist;
				INFOPLIST_KEY_CFBundleDisplayName = "Queue in Snapzify";
				INFOPLIST_KEY_NSHumanReadableCopyright = "";
				IPHONEOS_DEPLOYMENT_TARGET = 16.0;
				LD_RUNPATH_SEARCH_PATHS = (
					"$(inherited)",
					"@executable_path/Frameworks",
					"@executable_path/../../Frameworks",
				);
				MARKETING_VERSION = 1.0;
				PRODUCT_BUNDLE_IDENTIFIER = com.snapzify.app.QueueActionExtension;
				PRODUCT_NAME = "$(TARGET_NAME)";
				SKIP_INSTALL = YES;
				SWIFT_EMIT_LOC_STRINGS = YES;
				SWIFT_VERSION = 5.0;
				TARGETED_DEVICE_FAMILY = "1,2";
			};
			name = Debug;
		};
		DACDD2DB07F34F67B2A930C407 /* Release */ = {
			isa = XCBuildConfiguration;
			buildSettings = {
				ASSETCATALOG_COMPILER_APPICON_NAME = ActionIcon;
				CODE_SIGN_ENTITLEMENTS = QueueActionExtension/QueueActionExtension.entitlements;
				CODE_SIGN_STYLE = Automatic;
				CURRENT_PROJECT_VERSION = 1;
				DEVELOPMENT_TEAM = 8FN3F53SM8;
				GENERATE_INFOPLIST_FILE = NO;
				INFOPLIST_FILE = QueueActionExtension/Info.plist;
				INFOPLIST_KEY_CFBundleDisplayName = "Queue in Snapzify";
				INFOPLIST_KEY_NSHumanReadableCopyright = "";
				IPHONEOS_DEPLOYMENT_TARGET = 16.0;
				LD_RUNPATH_SEARCH_PATHS = (
					"$(inherited)",
					"@executable_path/Frameworks",
					"@executable_path/../../Frameworks",
				);
				MARKETING_VERSION = 1.0;
				PRODUCT_BUNDLE_IDENTIFIER = com.snapzify.app.QueueActionExtension;
				PRODUCT_NAME = "$(TARGET_NAME)";
				SKIP_INSTALL = YES;
				SWIFT_EMIT_LOC_STRINGS = YES;
				SWIFT_VERSION = 5.0;
				TARGETED_DEVICE_FAMILY = "1,2";
			};
			name = Release;
		};
		E2A41321B1FCC7D852279DE9 /* Release */ = {
			isa = XCBuildConfiguration;
			buildSettings = {
				ASSETCATALOG_COMPILER_APPICON_NAME = ActionIcon;
				CLANG_ENABLE_OBJC_WEAK = NO;
				CODE_SIGN_ENTITLEMENTS = ActionExtension/ActionExtension.entitlements;
				CODE_SIGN_STYLE = Automatic;
				DEVELOPMENT_TEAM = 8FN3F53SM8;
				INFOPLIST_FILE = ActionExtension/Info.plist;
				IPHONEOS_DEPLOYMENT_TARGET = 15.0;
				LD_RUNPATH_SEARCH_PATHS = (
					"$(inherited)",
					"@executable_path/Frameworks",
					"@executable_path/../../Frameworks",
				);
				PRODUCT_BUNDLE_IDENTIFIER = com.snapzify.app.ActionExtension;
				PRODUCT_MODULE_NAME = ActionExtension;
				PRODUCT_NAME = ActionExtension;
				SDKROOT = iphoneos;
				SKIP_INSTALL = YES;
				SWIFT_VERSION = 5.0;
				TARGETED_DEVICE_FAMILY = "1,2";
				VALIDATE_PRODUCT = YES;
			};
			name = Release;
		};
/* End XCBuildConfiguration section */

/* Begin XCConfigurationList section */
		3928AB46ED1D5894F9ED044A /* Build configuration list for PBXNativeTarget "ActionExtension" */ = {
			isa = XCConfigurationList;
			buildConfigurations = (
				E2A41321B1FCC7D852279DE9 /* Release */,
				902A1F9C6B6C827E9E12B214 /* Debug */,
			);
			defaultConfigurationIsVisible = 0;
			defaultConfigurationName = Release;
		};
		3D9B1A3A1234567890123456 /* Build configuration list for PBXNativeTarget "Snapzify" */ = {
			isa = XCConfigurationList;
			buildConfigurations = (
				3D9B1A411234567890123456 /* Debug */,
				3D9B1A421234567890123456 /* Release */,
			);
			defaultConfigurationIsVisible = 0;
			defaultConfigurationName = Release;
		};
		3D9B1A3E1234567890123456 /* Build configuration list for PBXProject "Snapzify" */ = {
			isa = XCConfigurationList;
			buildConfigurations = (
				3D9B1A3F1234567890123456 /* Debug */,
				3D9B1A401234567890123456 /* Release */,
			);
			defaultConfigurationIsVisible = 0;
			defaultConfigurationName = Release;
		};
		DACDD2DB07F34F67B2A930C401 /* Build configuration list for PBXNativeTarget "QueueActionExtension" */ = {
			isa = XCConfigurationList;
			buildConfigurations = (
				DACDD2DB07F34F67B2A930C406 /* Debug */,
				DACDD2DB07F34F67B2A930C407 /* Release */,
			);
			defaultConfigurationIsVisible = 0;
			defaultConfigurationName = Release;
		};
/* End XCConfigurationList section */
	};
	rootObject = 3D9B1A3D1234567890123456 /* Project object */;
}
